
Microsoft Visual Studio Solution File, Format Version 12.00
# Visual Studio Version 17
VisualStudioVersion = 17.5.33516.290
MinimumVisualStudioVersion = 10.0.40219.1
Project("{8BC9CEB8-8B4A-11D0-8D11-00A0C91BC942}") = "STATICMEMBER_103", "STATICMEMBER_103\STATICMEMBER_103.vcxproj", "{3724FDA9-12CD-4545-BB3D-79E4E791799C}"
EndProject
Project("{8BC9CEB8-8B4A-11D0-8D11-00A0C91BC942}") = "chainfunction", "chainfunction\chainfunction.vcxproj", "{FB09CC2E-7120-4FB1-ACAC-777C2E451294}"
EndProject
Project("{8BC9CEB8-8B4A-11D0-8D11-00A0C91BC942}") = "destruktor_103", "destruktor_103\destruktor_103.vcxproj", "{78A870B1-CF5D-44AF-AEA1-EA8273E6CDFA}"
EndProject
Project("{8BC9CEB8-8B4A-11D0-8D11-00A0C91BC942}") = "konstruktor_103", "konstruktor_103\konstruktor_103.vcxproj", "{6FE2635E-57C4-455B-BDFF-86B6267032B7}"
EndProject
Project("{8BC9CEB8-8B4A-11D0-8D11-00A0C91BC942}") = "mbrStaticFunc_103", "mbrStaticFunc_103\mbrStaticFunc_103.vcxproj", "{03730FE1-6174-4A9E-8122-4C4525EA166F}"
EndProject
Global
	GlobalSection(SolutionConfigurationPlatforms) = preSolution
		Debug|x64 = Debug|x64
		Debug|x86 = Debug|x86
		Release|x64 = Release|x64
		Release|x86 = Release|x86
	EndGlobalSection
	GlobalSection(ProjectConfigurationPlatforms) = postSolution
		{3724FDA9-12CD-4545-BB3D-79E4E791799C}.Debug|x64.ActiveCfg = Debug|x64
		{3724FDA9-12CD-4545-BB3D-79E4E791799C}.Debug|x64.Build.0 = Debug|x64
		{3724FDA9-12CD-4545-BB3D-79E4E791799C}.Debug|x86.ActiveCfg = Debug|Win32
		{3724FDA9-12CD-4545-BB3D-79E4E791799C}.Debug|x86.Build.0 = Debug|Win32
		{3724FDA9-12CD-4545-BB3D-79E4E791799C}.Release|x64.ActiveCfg = Release|x64
		{3724FDA9-12CD-4545-BB3D-79E4E791799C}.Release|x64.Build.0 = Release|x64
		{3724FDA9-12CD-4545-BB3D-79E4E791799C}.Release|x86.ActiveCfg = Release|Win32
		{3724FDA9-12CD-4545-BB3D-79E4E791799C}.Release|x86.Build.0 = Release|Win32
		{FB09CC2E-7120-4FB1-ACAC-777C2E451294}.Debug|x64.ActiveCfg = Debug|x64
		{FB09CC2E-7120-4FB1-ACAC-777C2E451294}.Debug|x64.Build.0 = Debug|x64
		{FB09CC2E-7120-4FB1-ACAC-777C2E451294}.Debug|x86.ActiveCfg = Debug|Win32
		{FB09CC2E-7120-4FB1-ACAC-777C2E451294}.Debug|x86.Build.0 = Debug|Win32
		{FB09CC2E-7120-4FB1-ACAC-777C2E451294}.Release|x64.ActiveCfg = Release|x64
		{FB09CC2E-7120-4FB1-ACAC-777C2E451294}.Release|x64.Build.0 = Release|x64
		{FB09CC2E-7120-4FB1-ACAC-777C2E451294}.Release|x86.ActiveCfg = Release|Win32
		{FB09CC2E-7120-4FB1-ACAC-777C2E451294}.Release|x86.Build.0 = Release|Win32
		{78A870B1-CF5D-44AF-AEA1-EA8273E6CDFA}.Debug|x64.ActiveCfg = Debug|x64
		{78A870B1-CF5D-44AF-AEA1-EA8273E6CDFA}.Debug|x64.Build.0 = Debug|x64
		{78A870B1-CF5D-44AF-AEA1-EA8273E6CDFA}.Debug|x86.ActiveCfg = Debug|Win32
		{78A870B1-CF5D-44AF-AEA1-EA8273E6CDFA}.Debug|x86.Build.0 = Debug|Win32
		{78A870B1-CF5D-44AF-AEA1-EA8273E6CDFA}.Release|x64.ActiveCfg = Release|x64
		{78A870B1-CF5D-44AF-AEA1-EA8273E6CDFA}.Release|x64.Build.0 = Release|x64
		{78A870B1-CF5D-44AF-AEA1-EA8273E6CDFA}.Release|x86.ActiveCfg = Release|Win32
		{78A870B1-CF5D-44AF-AEA1-EA8273E6CDFA}.Release|x86.Build.0 = Release|Win32
		{6FE2635E-57C4-455B-BDFF-86B6267032B7}.Debug|x64.ActiveCfg = Debug|x64
		{6FE2635E-57C4-455B-BDFF-86B6267032B7}.Debug|x64.Build.0 = Debug|x64
		{6FE2635E-57C4-455B-BDFF-86B6267032B7}.Debug|x86.ActiveCfg = Debug|Win32
		{6FE2635E-57C4-455B-BDFF-86B6267032B7}.Debug|x86.Build.0 = Debug|Win32
		{6FE2635E-57C4-455B-BDFF-86B6267032B7}.Release|x64.ActiveCfg = Release|x64
		{6FE2635E-57C4-455B-BDFF-86B6267032B7}.Release|x64.Build.0 = Release|x64
		{6FE2635E-57C4-455B-BDFF-86B6267032B7}.Release|x86.ActiveCfg = Release|Win32
		{6FE2635E-57C4-455B-BDFF-86B6267032B7}.Release|x86.Build.0 = Release|Win32
		{03730FE1-6174-4A9E-8122-4C4525EA166F}.Debug|x64.ActiveCfg = Debug|x64
		{03730FE1-6174-4A9E-8122-4C4525EA166F}.Debug|x64.Build.0 = Debug|x64
		{03730FE1-6174-4A9E-8122-4C4525EA166F}.Debug|x86.ActiveCfg = Debug|Win32
		{03730FE1-6174-4A9E-8122-4C4525EA166F}.Debug|x86.Build.0 = Debug|Win32
		{03730FE1-6174-4A9E-8122-4C4525EA166F}.Release|x64.ActiveCfg = Release|x64
		{03730FE1-6174-4A9E-8122-4C4525EA166F}.Release|x64.Build.0 = Release|x64
		{03730FE1-6174-4A9E-8122-4C4525EA166F}.Release|x86.ActiveCfg = Release|Win32
		{03730FE1-6174-4A9E-8122-4C4525EA166F}.Release|x86.Build.0 = Release|Win32
	EndGlobalSection
	GlobalSection(SolutionProperties) = preSolution
		HideSolutionNode = FALSE
	EndGlobalSection
	GlobalSection(ExtensibilityGlobals) = postSolution
		SolutionGuid = {CCD117C1-8CCE-4C5A-AC42-4C0A9B516DF9}
	EndGlobalSection
EndGlobal
